
Microsoft Visual Studio Solution File, Format Version 12.00
# Visual Studio 14
VisualStudioVersion = 14.0.24720.0
MinimumVisualStudioVersion = 10.0.40219.1
Project("{FAE04EC0-301F-11D3-BF4B-00C04F79EFBC}") = "SpecFlow.App", "SpecFlowApp\SpecFlow.App.csproj", "{6DD3906C-6676-4129-9520-9F15D5DCD183}"
EndProject
Project("{FAE04EC0-301F-11D3-BF4B-00C04F79EFBC}") = "SpecFlow.Test", "SpecFlow.Test\SpecFlow.Test.csproj", "{7F2D6F77-C1B3-4E86-9BA2-18C4DCF799FF}"
EndProject
Project("{FAE04EC0-301F-11D3-BF4B-00C04F79EFBC}") = "SpecFlow.Demo", "SpecFlow.Demo\SpecFlow.Demo.csproj", "{2F65626B-396F-48EC-A181-DEF33D91CA9F}"
EndProject
Global
	GlobalSection(SolutionConfigurationPlatforms) = preSolution
		Debug|Any CPU = Debug|Any CPU
		Release|Any CPU = Release|Any CPU
	EndGlobalSection
	GlobalSection(ProjectConfigurationPlatforms) = postSolution
		{6DD3906C-6676-4129-9520-9F15D5DCD183}.Debug|Any CPU.ActiveCfg = Debug|Any CPU
		{6DD3906C-6676-4129-9520-9F15D5DCD183}.Debug|Any CPU.Build.0 = Debug|Any CPU
		{6DD3906C-6676-4129-9520-9F15D5DCD183}.Release|Any CPU.ActiveCfg = Release|Any CPU
		{6DD3906C-6676-4129-9520-9F15D5DCD183}.Release|Any CPU.Build.0 = Release|Any CPU
		{7F2D6F77-C1B3-4E86-9BA2-18C4DCF799FF}.Debug|Any CPU.ActiveCfg = Debug|Any CPU
		{7F2D6F77-C1B3-4E86-9BA2-18C4DCF799FF}.Debug|Any CPU.Build.0 = Debug|Any CPU
		{7F2D6F77-C1B3-4E86-9BA2-18C4DCF799FF}.Release|Any CPU.ActiveCfg = Release|Any CPU
		{7F2D6F77-C1B3-4E86-9BA2-18C4DCF799FF}.Release|Any CPU.Build.0 = Release|Any CPU
		{2F65626B-396F-48EC-A181-DEF33D91CA9F}.Debug|Any CPU.ActiveCfg = Debug|Any CPU
		{2F65626B-396F-48EC-A181-DEF33D91CA9F}.Debug|Any CPU.Build.0 = Debug|Any CPU
		{2F65626B-396F-48EC-A181-DEF33D91CA9F}.Release|Any CPU.ActiveCfg = Release|Any CPU
		{2F65626B-396F-48EC-A181-DEF33D91CA9F}.Release|Any CPU.Build.0 = Release|Any CPU
	EndGlobalSection
	GlobalSection(SolutionProperties) = preSolution
		HideSolutionNode = FALSE
	EndGlobalSection
EndGlobal
